
Microsoft Visual Studio Solution File, Format Version 12.00
# Visual Studio Version 16
VisualStudioVersion = 16.0.32228.343
MinimumVisualStudioVersion = 10.0.40219.1
Project("{FAE04EC0-301F-11D3-BF4B-00C04F79EFBC}") = "Task2.1", "Task2.1\Task2.1.csproj", "{24F506C9-B9A7-4715-A5C0-56F608C5798E}"
EndProject
Global
	GlobalSection(SolutionConfigurationPlatforms) = preSolution
		Debug|Any CPU = Debug|Any CPU
		Release|Any CPU = Release|Any CPU
	EndGlobalSection
	GlobalSection(ProjectConfigurationPlatforms) = postSolution
		{24F506C9-B9A7-4715-A5C0-56F608C5798E}.Debug|Any CPU.ActiveCfg = Debug|Any CPU
		{24F506C9-B9A7-4715-A5C0-56F608C5798E}.Debug|Any CPU.Build.0 = Debug|Any CPU
		{24F506C9-B9A7-4715-A5C0-56F608C5798E}.Release|Any CPU.ActiveCfg = Release|Any CPU
		{24F506C9-B9A7-4715-A5C0-56F608C5798E}.Release|Any CPU.Build.0 = Release|Any CPU
	EndGlobalSection
	GlobalSection(SolutionProperties) = preSolution
		HideSolutionNode = FALSE
	EndGlobalSection
	GlobalSection(ExtensibilityGlobals) = postSolution
		SolutionGuid = {CF57DC3E-095B-4AB6-B30C-21C03ED9DA3E}
	EndGlobalSection
EndGlobal
